
Microsoft Visual Studio Solution File, Format Version 12.00
# Visual Studio 15
VisualStudioVersion = 15.0.28307.1062
MinimumVisualStudioVersion = 10.0.40219.1
Project("{00D1A9C2-B5F0-4AF3-8072-F6C62B433612}") = "OgData", "..\OgData\OgData.sqlproj", "{12D6F2B1-DE21-4E68-848F-F99AB8289DD6}"
EndProject
Project("{FAE04EC0-301F-11D3-BF4B-00C04F79EFBC}") = "OgWeb", "..\OgWeb\OgWeb.csproj", "{8B7CBC1F-E4F5-49DA-B5B6-F3E55AF4F3C7}"
EndProject
Global
	GlobalSection(SolutionConfigurationPlatforms) = preSolution
		Debug|Any CPU = Debug|Any CPU
		Release|Any CPU = Release|Any CPU
	EndGlobalSection
	GlobalSection(ProjectConfigurationPlatforms) = postSolution
		{12D6F2B1-DE21-4E68-848F-F99AB8289DD6}.Debug|Any CPU.ActiveCfg = Debug|Any CPU
		{12D6F2B1-DE21-4E68-848F-F99AB8289DD6}.Debug|Any CPU.Build.0 = Debug|Any CPU
		{12D6F2B1-DE21-4E68-848F-F99AB8289DD6}.Debug|Any CPU.Deploy.0 = Debug|Any CPU
		{12D6F2B1-DE21-4E68-848F-F99AB8289DD6}.Release|Any CPU.ActiveCfg = Release|Any CPU
		{12D6F2B1-DE21-4E68-848F-F99AB8289DD6}.Release|Any CPU.Build.0 = Release|Any CPU
		{12D6F2B1-DE21-4E68-848F-F99AB8289DD6}.Release|Any CPU.Deploy.0 = Release|Any CPU
		{8B7CBC1F-E4F5-49DA-B5B6-F3E55AF4F3C7}.Debug|Any CPU.ActiveCfg = Debug|Any CPU
		{8B7CBC1F-E4F5-49DA-B5B6-F3E55AF4F3C7}.Debug|Any CPU.Build.0 = Debug|Any CPU
		{8B7CBC1F-E4F5-49DA-B5B6-F3E55AF4F3C7}.Release|Any CPU.ActiveCfg = Release|Any CPU
		{8B7CBC1F-E4F5-49DA-B5B6-F3E55AF4F3C7}.Release|Any CPU.Build.0 = Release|Any CPU
	EndGlobalSection
	GlobalSection(SolutionProperties) = preSolution
		HideSolutionNode = FALSE
	EndGlobalSection
	GlobalSection(ExtensibilityGlobals) = postSolution
		SolutionGuid = {AD1A508A-6AB8-48E0-98B3-5EE90FCFFDFC}
	EndGlobalSection
EndGlobal
